
Microsoft Visual Studio Solution File, Format Version 12.00
# Visual Studio 15
VisualStudioVersion = 15.0.27130.2026
MinimumVisualStudioVersion = 10.0.40219.1
Project("{FAE04EC0-301F-11D3-BF4B-00C04F79EFBC}") = "Find integer devisors of number", "Find integer devisors of number\Find integer devisors of number.csproj", "{AAF5BACC-80C4-4DB3-A1A1-7A17514B79A0}"
EndProject
Global
	GlobalSection(SolutionConfigurationPlatforms) = preSolution
		Debug|Any CPU = Debug|Any CPU
		Release|Any CPU = Release|Any CPU
	EndGlobalSection
	GlobalSection(ProjectConfigurationPlatforms) = postSolution
		{AAF5BACC-80C4-4DB3-A1A1-7A17514B79A0}.Debug|Any CPU.ActiveCfg = Debug|Any CPU
		{AAF5BACC-80C4-4DB3-A1A1-7A17514B79A0}.Debug|Any CPU.Build.0 = Debug|Any CPU
		{AAF5BACC-80C4-4DB3-A1A1-7A17514B79A0}.Release|Any CPU.ActiveCfg = Release|Any CPU
		{AAF5BACC-80C4-4DB3-A1A1-7A17514B79A0}.Release|Any CPU.Build.0 = Release|Any CPU
	EndGlobalSection
	GlobalSection(SolutionProperties) = preSolution
		HideSolutionNode = FALSE
	EndGlobalSection
	GlobalSection(ExtensibilityGlobals) = postSolution
		SolutionGuid = {EB144C8F-092C-4C05-8A29-5487B1606638}
	EndGlobalSection
EndGlobal
